{
    "_readme": [
        "This file locks the dependencies of your project to a known state",
        "Read more about it at https://getcomposer.org/doc/01-basic-usage.md#installing-dependencies",
        "This file is @generated automatically"
    ],
    "content-hash": "84752606bf914322805372dd6736af71",
    "packages": [
        {
            "name": "luisaedev/simple-pdo",
            "version": "v0.0.3",
            "source": {
                "type": "git",
                "url": "https://github.com/LuisaeDev/SimplePDO.git",
                "reference": "6525207ac1496268bcbcc2f96937eada3b85ce27"
            },
            "dist": {
                "type": "zip",
                "url": "https://api.github.com/repos/LuisaeDev/SimplePDO/zipball/6525207ac1496268bcbcc2f96937eada3b85ce27",
                "reference": "6525207ac1496268bcbcc2f96937eada3b85ce27",
                "shasum": ""
            },
            "type": "library",
            "autoload": {
                "psr-4": {
                    "LuisaeDev\\SimplePDO\\": "src/"
                }
            },
            "notification-url": "https://packagist.org/downloads/",
            "license": [
                "MIT"
            ],
            "authors": [
                {
                    "name": "Luis Aguilar",
                    "email": "dev@luisae.com"
                }
            ],
            "description": "Pretty simple and fancy class for handle PDO connections and PDO statements using just one class",
            "support": {
                "issues": "https://github.com/LuisaeDev/SimplePDO/issues",
                "source": "https://github.com/LuisaeDev/SimplePDO/tree/v0.0.3"
            },
            "time": "2022-04-30T02:20:37+00:00"
        }
    ],
    "packages-dev": [],
    "aliases": [],
    "minimum-stability": "stable",
    "stability-flags": [],
    "prefer-stable": false,
    "prefer-lowest": false,
    "platform": [],
    "platform-dev": [],
    "plugin-api-version": "2.2.0"
}
